
Microsoft Visual Studio Solution File, Format Version 12.00
# Visual Studio Version 16
VisualStudioVersion = 16.0.30204.135
MinimumVisualStudioVersion = 10.0.40219.1
Project("{FAE04EC0-301F-11D3-BF4B-00C04F79EFBC}") = "Data_Structure_Exp", "Data_Structure_Exp.csproj", "{2CD62A24-DE24-4A8F-B1DA-447FBED45615}"
EndProject
Global
	GlobalSection(SolutionConfigurationPlatforms) = preSolution
		Debug|Any CPU = Debug|Any CPU
		Release|Any CPU = Release|Any CPU
	EndGlobalSection
	GlobalSection(ProjectConfigurationPlatforms) = postSolution
		{2CD62A24-DE24-4A8F-B1DA-447FBED45615}.Debug|Any CPU.ActiveCfg = Debug|Any CPU
		{2CD62A24-DE24-4A8F-B1DA-447FBED45615}.Debug|Any CPU.Build.0 = Debug|Any CPU
		{2CD62A24-DE24-4A8F-B1DA-447FBED45615}.Release|Any CPU.ActiveCfg = Release|Any CPU
		{2CD62A24-DE24-4A8F-B1DA-447FBED45615}.Release|Any CPU.Build.0 = Release|Any CPU
	EndGlobalSection
	GlobalSection(SolutionProperties) = preSolution
		HideSolutionNode = FALSE
	EndGlobalSection
	GlobalSection(ExtensibilityGlobals) = postSolution
		SolutionGuid = {848DE9CE-36D2-4EC3-B50F-459B3E0C3822}
	EndGlobalSection
EndGlobal
